
Microsoft Visual Studio Solution File, Format Version 12.00
# Visual Studio Version 17
VisualStudioVersion = 17.4.33403.182
MinimumVisualStudioVersion = 10.0.40219.1
Project("{FAE04EC0-301F-11D3-BF4B-00C04F79EFBC}") = "Project3(InteligentaArtificiala)", "Project3(InteligentaArtificiala)\Project3(InteligentaArtificiala).csproj", "{D5E2FEDC-0597-4948-85B4-4BC797976576}"
EndProject
Global
	GlobalSection(SolutionConfigurationPlatforms) = preSolution
		Debug|Any CPU = Debug|Any CPU
		Release|Any CPU = Release|Any CPU
	EndGlobalSection
	GlobalSection(ProjectConfigurationPlatforms) = postSolution
		{D5E2FEDC-0597-4948-85B4-4BC797976576}.Debug|Any CPU.ActiveCfg = Debug|Any CPU
		{D5E2FEDC-0597-4948-85B4-4BC797976576}.Debug|Any CPU.Build.0 = Debug|Any CPU
		{D5E2FEDC-0597-4948-85B4-4BC797976576}.Release|Any CPU.ActiveCfg = Release|Any CPU
		{D5E2FEDC-0597-4948-85B4-4BC797976576}.Release|Any CPU.Build.0 = Release|Any CPU
	EndGlobalSection
	GlobalSection(SolutionProperties) = preSolution
		HideSolutionNode = FALSE
	EndGlobalSection
	GlobalSection(ExtensibilityGlobals) = postSolution
		SolutionGuid = {E08CF6BF-760E-4F4A-AFA6-F1A5790B35A4}
	EndGlobalSection
EndGlobal
